
Microsoft Visual Studio Solution File, Format Version 12.00
# Visual Studio 15
VisualStudioVersion = 15.0.28307.271
MinimumVisualStudioVersion = 10.0.40219.1
Project("{FAE04EC0-301F-11D3-BF4B-00C04F79EFBC}") = "HandsOnWebApiUsingEF", "HandsOnWebApiUsingEF\HandsOnWebApiUsingEF.csproj", "{F1A41AF0-DD66-486F-98ED-44758B65F359}"
EndProject
Global
	GlobalSection(SolutionConfigurationPlatforms) = preSolution
		Debug|Any CPU = Debug|Any CPU
		Release|Any CPU = Release|Any CPU
	EndGlobalSection
	GlobalSection(ProjectConfigurationPlatforms) = postSolution
		{F1A41AF0-DD66-486F-98ED-44758B65F359}.Debug|Any CPU.ActiveCfg = Debug|Any CPU
		{F1A41AF0-DD66-486F-98ED-44758B65F359}.Debug|Any CPU.Build.0 = Debug|Any CPU
		{F1A41AF0-DD66-486F-98ED-44758B65F359}.Release|Any CPU.ActiveCfg = Release|Any CPU
		{F1A41AF0-DD66-486F-98ED-44758B65F359}.Release|Any CPU.Build.0 = Release|Any CPU
	EndGlobalSection
	GlobalSection(SolutionProperties) = preSolution
		HideSolutionNode = FALSE
	EndGlobalSection
	GlobalSection(ExtensibilityGlobals) = postSolution
		SolutionGuid = {1FE6D551-B0F5-4160-9E4E-853B9FA670CB}
	EndGlobalSection
EndGlobal
